
Microsoft Visual Studio Solution File, Format Version 11.00
# Visual Studio 2010
Project("{FAE04EC0-301F-11D3-BF4B-00C04F79EFBC}") = "UnityEngine.UI", "UnityEngine.UI.csproj", "{c084d43a-65ae-ac33-17e5-311b65054b43}"
EndProject
Project("{FAE04EC0-301F-11D3-BF4B-00C04F79EFBC}") = "UnityEngine.TestRunner", "UnityEngine.TestRunner.csproj", "{ec2432fd-a9aa-36e7-f91e-78be1bc23674}"
EndProject
Project("{FAE04EC0-301F-11D3-BF4B-00C04F79EFBC}") = "Assembly-CSharp", "Assembly-CSharp.csproj", "{45f2f57f-bd3d-e05e-f403-55911158bacc}"
EndProject
Project("{FAE04EC0-301F-11D3-BF4B-00C04F79EFBC}") = "Unity.Timeline", "Unity.Timeline.csproj", "{fd327e43-2cb5-a09d-17ba-11e36310ded4}"
EndProject
Project("{FAE04EC0-301F-11D3-BF4B-00C04F79EFBC}") = "Unity.TextMeshPro", "Unity.TextMeshPro.csproj", "{98a445a2-5553-6047-2679-247b03909c75}"
EndProject
Project("{FAE04EC0-301F-11D3-BF4B-00C04F79EFBC}") = "UnityEditor.TestRunner", "UnityEditor.TestRunner.csproj", "{12089b0c-f420-a124-49c8-af32bacd66d8}"
EndProject
Project("{FAE04EC0-301F-11D3-BF4B-00C04F79EFBC}") = "Unity.PlasticSCM.Editor", "Unity.PlasticSCM.Editor.csproj", "{a91388fc-4617-a415-10d7-08a8e3311462}"
EndProject
Project("{FAE04EC0-301F-11D3-BF4B-00C04F79EFBC}") = "UnityEditor.UI", "UnityEditor.UI.csproj", "{2b6ceb09-3fe2-1b43-2da2-1457b75c7ebe}"
EndProject
Project("{FAE04EC0-301F-11D3-BF4B-00C04F79EFBC}") = "Unity.Services.Core.Editor", "Unity.Services.Core.Editor.csproj", "{991342d9-bdff-7785-bed3-19dcaf15d3ba}"
EndProject
Project("{FAE04EC0-301F-11D3-BF4B-00C04F79EFBC}") = "Unity.Timeline.Editor", "Unity.Timeline.Editor.csproj", "{471daeee-47fb-1398-0387-4774421ff71a}"
EndProject
Project("{FAE04EC0-301F-11D3-BF4B-00C04F79EFBC}") = "Unity.VisualStudio.Editor", "Unity.VisualStudio.Editor.csproj", "{b5d840bf-90d1-af5b-3ca4-e72b176ca262}"
EndProject
Project("{FAE04EC0-301F-11D3-BF4B-00C04F79EFBC}") = "Unity.TextMeshPro.Editor", "Unity.TextMeshPro.Editor.csproj", "{359c2cd8-1183-7105-400b-33bff55dbef3}"
EndProject
Project("{FAE04EC0-301F-11D3-BF4B-00C04F79EFBC}") = "Unity.CollabProxy.Editor", "Unity.CollabProxy.Editor.csproj", "{2a2ff866-dabf-ff7c-73aa-bda8617dd350}"
EndProject
Project("{FAE04EC0-301F-11D3-BF4B-00C04F79EFBC}") = "Unity.Rider.Editor", "Unity.Rider.Editor.csproj", "{859fe7f5-76bc-cbb5-bd29-e4efecfbdffd}"
EndProject
Project("{FAE04EC0-301F-11D3-BF4B-00C04F79EFBC}") = "Unity.VSCode.Editor", "Unity.VSCode.Editor.csproj", "{44299b43-8570-2ee6-601b-044b15d621f2}"
EndProject
Project("{FAE04EC0-301F-11D3-BF4B-00C04F79EFBC}") = "Assembly-CSharp-Editor", "Assembly-CSharp-Editor.csproj", "{20f670f1-decb-0f06-c250-ecf84e1a3498}"
EndProject
Global
	GlobalSection(SolutionConfigurationPlatforms) = preSolution
		Debug|Any CPU = Debug|Any CPU
	EndGlobalSection
	GlobalSection(ProjectConfigurationPlatforms) = postSolution
		{c084d43a-65ae-ac33-17e5-311b65054b43}.Debug|Any CPU.ActiveCfg = Debug|Any CPU
		{c084d43a-65ae-ac33-17e5-311b65054b43}.Debug|Any CPU.Build.0 = Debug|Any CPU
		{ec2432fd-a9aa-36e7-f91e-78be1bc23674}.Debug|Any CPU.ActiveCfg = Debug|Any CPU
		{ec2432fd-a9aa-36e7-f91e-78be1bc23674}.Debug|Any CPU.Build.0 = Debug|Any CPU
		{45f2f57f-bd3d-e05e-f403-55911158bacc}.Debug|Any CPU.ActiveCfg = Debug|Any CPU
		{45f2f57f-bd3d-e05e-f403-55911158bacc}.Debug|Any CPU.Build.0 = Debug|Any CPU
		{fd327e43-2cb5-a09d-17ba-11e36310ded4}.Debug|Any CPU.ActiveCfg = Debug|Any CPU
		{fd327e43-2cb5-a09d-17ba-11e36310ded4}.Debug|Any CPU.Build.0 = Debug|Any CPU
		{98a445a2-5553-6047-2679-247b03909c75}.Debug|Any CPU.ActiveCfg = Debug|Any CPU
		{98a445a2-5553-6047-2679-247b03909c75}.Debug|Any CPU.Build.0 = Debug|Any CPU
		{12089b0c-f420-a124-49c8-af32bacd66d8}.Debug|Any CPU.ActiveCfg = Debug|Any CPU
		{12089b0c-f420-a124-49c8-af32bacd66d8}.Debug|Any CPU.Build.0 = Debug|Any CPU
		{a91388fc-4617-a415-10d7-08a8e3311462}.Debug|Any CPU.ActiveCfg = Debug|Any CPU
		{a91388fc-4617-a415-10d7-08a8e3311462}.Debug|Any CPU.Build.0 = Debug|Any CPU
		{2b6ceb09-3fe2-1b43-2da2-1457b75c7ebe}.Debug|Any CPU.ActiveCfg = Debug|Any CPU
		{2b6ceb09-3fe2-1b43-2da2-1457b75c7ebe}.Debug|Any CPU.Build.0 = Debug|Any CPU
		{991342d9-bdff-7785-bed3-19dcaf15d3ba}.Debug|Any CPU.ActiveCfg = Debug|Any CPU
		{991342d9-bdff-7785-bed3-19dcaf15d3ba}.Debug|Any CPU.Build.0 = Debug|Any CPU
		{471daeee-47fb-1398-0387-4774421ff71a}.Debug|Any CPU.ActiveCfg = Debug|Any CPU
		{471daeee-47fb-1398-0387-4774421ff71a}.Debug|Any CPU.Build.0 = Debug|Any CPU
		{b5d840bf-90d1-af5b-3ca4-e72b176ca262}.Debug|Any CPU.ActiveCfg = Debug|Any CPU
		{b5d840bf-90d1-af5b-3ca4-e72b176ca262}.Debug|Any CPU.Build.0 = Debug|Any CPU
		{359c2cd8-1183-7105-400b-33bff55dbef3}.Debug|Any CPU.ActiveCfg = Debug|Any CPU
		{359c2cd8-1183-7105-400b-33bff55dbef3}.Debug|Any CPU.Build.0 = Debug|Any CPU
		{2a2ff866-dabf-ff7c-73aa-bda8617dd350}.Debug|Any CPU.ActiveCfg = Debug|Any CPU
		{2a2ff866-dabf-ff7c-73aa-bda8617dd350}.Debug|Any CPU.Build.0 = Debug|Any CPU
		{859fe7f5-76bc-cbb5-bd29-e4efecfbdffd}.Debug|Any CPU.ActiveCfg = Debug|Any CPU
		{859fe7f5-76bc-cbb5-bd29-e4efecfbdffd}.Debug|Any CPU.Build.0 = Debug|Any CPU
		{44299b43-8570-2ee6-601b-044b15d621f2}.Debug|Any CPU.ActiveCfg = Debug|Any CPU
		{44299b43-8570-2ee6-601b-044b15d621f2}.Debug|Any CPU.Build.0 = Debug|Any CPU
		{20f670f1-decb-0f06-c250-ecf84e1a3498}.Debug|Any CPU.ActiveCfg = Debug|Any CPU
		{20f670f1-decb-0f06-c250-ecf84e1a3498}.Debug|Any CPU.Build.0 = Debug|Any CPU
	EndGlobalSection
	GlobalSection(SolutionProperties) = preSolution
		HideSolutionNode = FALSE
	EndGlobalSection
EndGlobal
